
Microsoft Visual Studio Solution File, Format Version 12.00
# Visual Studio 15
VisualStudioVersion = 15.0.26730.12
MinimumVisualStudioVersion = 10.0.40219.1
Project("{2150E333-8FDC-42A3-9474-1A3956D46DE8}") = "Feature", "Feature", "{17DD5718-6E13-4F2C-9738-B410396D4552}"
EndProject
Project("{2150E333-8FDC-42A3-9474-1A3956D46DE8}") = "Foundation", "Foundation", "{4FDA1DCD-D33E-447E-91C1-F4AE818E2CF0}"
EndProject
Project("{2150E333-8FDC-42A3-9474-1A3956D46DE8}") = "Project", "Project", "{15D97D61-D597-42EC-B7E9-E9EC8130E630}"
EndProject
Project("{2150E333-8FDC-42A3-9474-1A3956D46DE8}") = "Configuration", "Configuration", "{ADCA10F7-A1D2-407B-8074-60418168C02E}"
	ProjectSection(SolutionItems) = preProject
		.editorconfig = .editorconfig
		.gitattributes = .gitattributes
		.gitignore = .gitignore
		nuget.config = nuget.config
		README.md = README.md
	EndProjectSection
EndProject
Project("{2150E333-8FDC-42A3-9474-1A3956D46DE8}") = "Documentation", "Documentation", "{DAFED8F5-6CBD-4384-AAD6-DC3BCCF24911}"
	ProjectSection(SolutionItems) = preProject
		documentation\README.md = documentation\README.md
	EndProjectSection
EndProject
Project("{2150E333-8FDC-42A3-9474-1A3956D46DE8}") = "images", "images", "{D27C83D2-2EAF-4E44-A1ED-2B3C2EBB5854}"
	ProjectSection(SolutionItems) = preProject
		documentation\images\deal-with-it.gif = documentation\images\deal-with-it.gif
		documentation\images\hackathon.png = documentation\images\hackathon.png
	EndProjectSection
EndProject
Project("{2150E333-8FDC-42A3-9474-1A3956D46DE8}") = "Environment", "Environment", "{A231114A-336A-44AA-A4A8-104B5AF6676F}"
EndProject
Project("{FAE04EC0-301F-11D3-BF4B-00C04F79EFBC}") = "Website", "src\Environment\Website\Website.csproj", "{B6FF7408-18B3-41FD-B89C-A51DC35B8E3A}"
EndProject
Project("{2150E333-8FDC-42A3-9474-1A3956D46DE8}") = "Meetcore", "Meetcore", "{C256A0EB-1B7E-4165-ACFB-74F976818610}"
EndProject
Project("{2150E333-8FDC-42A3-9474-1A3956D46DE8}") = "FieldRendering", "FieldRendering", "{8958605A-4759-46CE-B58E-501E6E790270}"
EndProject
Project("{2150E333-8FDC-42A3-9474-1A3956D46DE8}") = "Multisite", "Multisite", "{584370C5-6466-4E24-86CB-E0F2520AFC71}"
EndProject
Project("{2150E333-8FDC-42A3-9474-1A3956D46DE8}") = "Serialization", "Serialization", "{4557A243-C16F-406E-BF98-6670181EA9BC}"
EndProject
Project("{2150E333-8FDC-42A3-9474-1A3956D46DE8}") = "BasicContent", "BasicContent", "{05CFDFA6-8986-45BF-A293-2E2A2C85B3FA}"
EndProject
Project("{2150E333-8FDC-42A3-9474-1A3956D46DE8}") = "Navigation", "Navigation", "{3AC3A99D-0439-465F-90CB-DE9B0921956E}"
EndProject
Project("{2150E333-8FDC-42A3-9474-1A3956D46DE8}") = "Products", "Products", "{0872CD13-2FFA-4F9F-A09E-708E7C93EBB4}"
EndProject
Project("{2150E333-8FDC-42A3-9474-1A3956D46DE8}") = "Services", "Services", "{F473D7CB-8B70-4DC5-9ABA-4D1D7B2C2940}"
EndProject
Project("{FAE04EC0-301F-11D3-BF4B-00C04F79EFBC}") = "BasicCompany.Project.BasicCompany", "src\Project\Meetcore\website\BasicCompany.Project.BasicCompany.csproj", "{816F099C-E14B-4468-9E34-87F993C6484D}"
EndProject
Project("{FAE04EC0-301F-11D3-BF4B-00C04F79EFBC}") = "BasicCompany.Foundation.Serialization", "src\Foundation\Serialization\website\BasicCompany.Foundation.Serialization.csproj", "{8AC1D13A-3CD5-40BE-B392-363EAB8578D2}"
EndProject
Project("{FAE04EC0-301F-11D3-BF4B-00C04F79EFBC}") = "BasicCompany.Foundation.Multisite", "src\Foundation\Multisite\website\BasicCompany.Foundation.Multisite.csproj", "{32C3E6DD-6531-450C-908C-2C71F392A571}"
EndProject
Project("{FAE04EC0-301F-11D3-BF4B-00C04F79EFBC}") = "BasicCompany.Foundation.FieldRendering", "src\Foundation\FieldRendering\website\BasicCompany.Foundation.FieldRendering.csproj", "{508C9659-2186-4655-B24A-F2DE3744BAB5}"
EndProject
Project("{FAE04EC0-301F-11D3-BF4B-00C04F79EFBC}") = "BasicCompany.Feature.Services", "src\Feature\Services\website\BasicCompany.Feature.Services.csproj", "{087D93EB-261B-4C05-A72F-5E72C4D7F043}"
EndProject
Project("{FAE04EC0-301F-11D3-BF4B-00C04F79EFBC}") = "BasicCompany.Feature.Products", "src\Feature\Products\website\BasicCompany.Feature.Products.csproj", "{63CC52D8-ABA2-47A9-9490-44E71D4C2574}"
EndProject
Project("{FAE04EC0-301F-11D3-BF4B-00C04F79EFBC}") = "BasicCompany.Feature.Navigation", "src\Feature\Navigation\website\BasicCompany.Feature.Navigation.csproj", "{6005F3A9-BB98-4F06-A84B-3CC6A07BE92E}"
EndProject
Project("{FAE04EC0-301F-11D3-BF4B-00C04F79EFBC}") = "BasicCompany.Feature.BasicContent", "src\Feature\BasicContent\website\BasicCompany.Feature.BasicContent.csproj", "{86B7E1BD-DC6D-45DB-B11B-255B18C3CF62}"
EndProject
Project("{2150E333-8FDC-42A3-9474-1A3956D46DE8}") = "Events", "Events", "{ECA345F9-61E2-4608-9708-F89F8E0A4143}"
EndProject
Project("{2150E333-8FDC-42A3-9474-1A3956D46DE8}") = "Categories", "Categories", "{15D27E5A-4355-4608-9665-D00FB4618DBC}"
EndProject
Project("{FAE04EC0-301F-11D3-BF4B-00C04F79EFBC}") = "Meetcore.Feature.Events", "src\Feature\Events\Meetcore.Feature.Events\Meetcore.Feature.Events.csproj", "{6089C225-6A75-44B0-BB03-C5BC23D81077}"
EndProject
Global
	GlobalSection(SolutionConfigurationPlatforms) = preSolution
		Debug|Any CPU = Debug|Any CPU
		Release|Any CPU = Release|Any CPU
	EndGlobalSection
	GlobalSection(ProjectConfigurationPlatforms) = postSolution
		{B6FF7408-18B3-41FD-B89C-A51DC35B8E3A}.Debug|Any CPU.ActiveCfg = Debug|Any CPU
		{B6FF7408-18B3-41FD-B89C-A51DC35B8E3A}.Debug|Any CPU.Build.0 = Debug|Any CPU
		{B6FF7408-18B3-41FD-B89C-A51DC35B8E3A}.Release|Any CPU.ActiveCfg = Release|Any CPU
		{B6FF7408-18B3-41FD-B89C-A51DC35B8E3A}.Release|Any CPU.Build.0 = Release|Any CPU
		{816F099C-E14B-4468-9E34-87F993C6484D}.Debug|Any CPU.ActiveCfg = Debug|Any CPU
		{816F099C-E14B-4468-9E34-87F993C6484D}.Debug|Any CPU.Build.0 = Debug|Any CPU
		{816F099C-E14B-4468-9E34-87F993C6484D}.Release|Any CPU.ActiveCfg = Release|Any CPU
		{816F099C-E14B-4468-9E34-87F993C6484D}.Release|Any CPU.Build.0 = Release|Any CPU
		{8AC1D13A-3CD5-40BE-B392-363EAB8578D2}.Debug|Any CPU.ActiveCfg = Debug|Any CPU
		{8AC1D13A-3CD5-40BE-B392-363EAB8578D2}.Debug|Any CPU.Build.0 = Debug|Any CPU
		{8AC1D13A-3CD5-40BE-B392-363EAB8578D2}.Release|Any CPU.ActiveCfg = Release|Any CPU
		{8AC1D13A-3CD5-40BE-B392-363EAB8578D2}.Release|Any CPU.Build.0 = Release|Any CPU
		{32C3E6DD-6531-450C-908C-2C71F392A571}.Debug|Any CPU.ActiveCfg = Debug|Any CPU
		{32C3E6DD-6531-450C-908C-2C71F392A571}.Debug|Any CPU.Build.0 = Debug|Any CPU
		{32C3E6DD-6531-450C-908C-2C71F392A571}.Release|Any CPU.ActiveCfg = Release|Any CPU
		{32C3E6DD-6531-450C-908C-2C71F392A571}.Release|Any CPU.Build.0 = Release|Any CPU
		{508C9659-2186-4655-B24A-F2DE3744BAB5}.Debug|Any CPU.ActiveCfg = Debug|Any CPU
		{508C9659-2186-4655-B24A-F2DE3744BAB5}.Debug|Any CPU.Build.0 = Debug|Any CPU
		{508C9659-2186-4655-B24A-F2DE3744BAB5}.Release|Any CPU.ActiveCfg = Release|Any CPU
		{508C9659-2186-4655-B24A-F2DE3744BAB5}.Release|Any CPU.Build.0 = Release|Any CPU
		{087D93EB-261B-4C05-A72F-5E72C4D7F043}.Debug|Any CPU.ActiveCfg = Debug|Any CPU
		{087D93EB-261B-4C05-A72F-5E72C4D7F043}.Debug|Any CPU.Build.0 = Debug|Any CPU
		{087D93EB-261B-4C05-A72F-5E72C4D7F043}.Release|Any CPU.ActiveCfg = Release|Any CPU
		{087D93EB-261B-4C05-A72F-5E72C4D7F043}.Release|Any CPU.Build.0 = Release|Any CPU
		{63CC52D8-ABA2-47A9-9490-44E71D4C2574}.Debug|Any CPU.ActiveCfg = Debug|Any CPU
		{63CC52D8-ABA2-47A9-9490-44E71D4C2574}.Debug|Any CPU.Build.0 = Debug|Any CPU
		{63CC52D8-ABA2-47A9-9490-44E71D4C2574}.Release|Any CPU.ActiveCfg = Release|Any CPU
		{63CC52D8-ABA2-47A9-9490-44E71D4C2574}.Release|Any CPU.Build.0 = Release|Any CPU
		{6005F3A9-BB98-4F06-A84B-3CC6A07BE92E}.Debug|Any CPU.ActiveCfg = Debug|Any CPU
		{6005F3A9-BB98-4F06-A84B-3CC6A07BE92E}.Debug|Any CPU.Build.0 = Debug|Any CPU
		{6005F3A9-BB98-4F06-A84B-3CC6A07BE92E}.Release|Any CPU.ActiveCfg = Release|Any CPU
		{6005F3A9-BB98-4F06-A84B-3CC6A07BE92E}.Release|Any CPU.Build.0 = Release|Any CPU
		{86B7E1BD-DC6D-45DB-B11B-255B18C3CF62}.Debug|Any CPU.ActiveCfg = Debug|Any CPU
		{86B7E1BD-DC6D-45DB-B11B-255B18C3CF62}.Debug|Any CPU.Build.0 = Debug|Any CPU
		{86B7E1BD-DC6D-45DB-B11B-255B18C3CF62}.Release|Any CPU.ActiveCfg = Release|Any CPU
		{86B7E1BD-DC6D-45DB-B11B-255B18C3CF62}.Release|Any CPU.Build.0 = Release|Any CPU
		{6089C225-6A75-44B0-BB03-C5BC23D81077}.Debug|Any CPU.ActiveCfg = Debug|Any CPU
		{6089C225-6A75-44B0-BB03-C5BC23D81077}.Debug|Any CPU.Build.0 = Debug|Any CPU
		{6089C225-6A75-44B0-BB03-C5BC23D81077}.Release|Any CPU.ActiveCfg = Release|Any CPU
		{6089C225-6A75-44B0-BB03-C5BC23D81077}.Release|Any CPU.Build.0 = Release|Any CPU
	EndGlobalSection
	GlobalSection(SolutionProperties) = preSolution
		HideSolutionNode = FALSE
	EndGlobalSection
	GlobalSection(NestedProjects) = preSolution
		{D27C83D2-2EAF-4E44-A1ED-2B3C2EBB5854} = {DAFED8F5-6CBD-4384-AAD6-DC3BCCF24911}
		{B6FF7408-18B3-41FD-B89C-A51DC35B8E3A} = {A231114A-336A-44AA-A4A8-104B5AF6676F}
		{C256A0EB-1B7E-4165-ACFB-74F976818610} = {15D97D61-D597-42EC-B7E9-E9EC8130E630}
		{8958605A-4759-46CE-B58E-501E6E790270} = {4FDA1DCD-D33E-447E-91C1-F4AE818E2CF0}
		{584370C5-6466-4E24-86CB-E0F2520AFC71} = {4FDA1DCD-D33E-447E-91C1-F4AE818E2CF0}
		{4557A243-C16F-406E-BF98-6670181EA9BC} = {4FDA1DCD-D33E-447E-91C1-F4AE818E2CF0}
		{05CFDFA6-8986-45BF-A293-2E2A2C85B3FA} = {17DD5718-6E13-4F2C-9738-B410396D4552}
		{3AC3A99D-0439-465F-90CB-DE9B0921956E} = {17DD5718-6E13-4F2C-9738-B410396D4552}
		{0872CD13-2FFA-4F9F-A09E-708E7C93EBB4} = {17DD5718-6E13-4F2C-9738-B410396D4552}
		{F473D7CB-8B70-4DC5-9ABA-4D1D7B2C2940} = {17DD5718-6E13-4F2C-9738-B410396D4552}
		{816F099C-E14B-4468-9E34-87F993C6484D} = {C256A0EB-1B7E-4165-ACFB-74F976818610}
		{8AC1D13A-3CD5-40BE-B392-363EAB8578D2} = {4557A243-C16F-406E-BF98-6670181EA9BC}
		{32C3E6DD-6531-450C-908C-2C71F392A571} = {584370C5-6466-4E24-86CB-E0F2520AFC71}
		{508C9659-2186-4655-B24A-F2DE3744BAB5} = {8958605A-4759-46CE-B58E-501E6E790270}
		{087D93EB-261B-4C05-A72F-5E72C4D7F043} = {F473D7CB-8B70-4DC5-9ABA-4D1D7B2C2940}
		{63CC52D8-ABA2-47A9-9490-44E71D4C2574} = {0872CD13-2FFA-4F9F-A09E-708E7C93EBB4}
		{6005F3A9-BB98-4F06-A84B-3CC6A07BE92E} = {3AC3A99D-0439-465F-90CB-DE9B0921956E}
		{86B7E1BD-DC6D-45DB-B11B-255B18C3CF62} = {05CFDFA6-8986-45BF-A293-2E2A2C85B3FA}
		{ECA345F9-61E2-4608-9708-F89F8E0A4143} = {17DD5718-6E13-4F2C-9738-B410396D4552}
		{15D27E5A-4355-4608-9665-D00FB4618DBC} = {17DD5718-6E13-4F2C-9738-B410396D4552}
		{6089C225-6A75-44B0-BB03-C5BC23D81077} = {ECA345F9-61E2-4608-9708-F89F8E0A4143}
	EndGlobalSection
	GlobalSection(ExtensibilityGlobals) = postSolution
		SolutionGuid = {311DA37D-528B-43B2-A99B-E7253F841D46}
	EndGlobalSection
EndGlobal
